
Microsoft Visual Studio Solution File, Format Version 12.00
# Visual Studio 15
VisualStudioVersion = 15.0.27130.2027
MinimumVisualStudioVersion = 10.0.40219.1
Project("{FAE04EC0-301F-11D3-BF4B-00C04F79EFBC}") = "LearnASP", "LearnASP\LearnASP.csproj", "{8C107AD6-8CB3-4402-9988-219E811166EF}"
EndProject
Global
	GlobalSection(SolutionConfigurationPlatforms) = preSolution
		Debug|Any CPU = Debug|Any CPU
		Release|Any CPU = Release|Any CPU
	EndGlobalSection
	GlobalSection(ProjectConfigurationPlatforms) = postSolution
		{8C107AD6-8CB3-4402-9988-219E811166EF}.Debug|Any CPU.ActiveCfg = Debug|Any CPU
		{8C107AD6-8CB3-4402-9988-219E811166EF}.Debug|Any CPU.Build.0 = Debug|Any CPU
		{8C107AD6-8CB3-4402-9988-219E811166EF}.Release|Any CPU.ActiveCfg = Release|Any CPU
		{8C107AD6-8CB3-4402-9988-219E811166EF}.Release|Any CPU.Build.0 = Release|Any CPU
	EndGlobalSection
	GlobalSection(SolutionProperties) = preSolution
		HideSolutionNode = FALSE
	EndGlobalSection
	GlobalSection(ExtensibilityGlobals) = postSolution
		SolutionGuid = {B1D8461F-B7C4-41E9-AC9C-B239E3C2680E}
	EndGlobalSection
EndGlobal
